
Microsoft Visual Studio Solution File, Format Version 12.00
# Visual Studio Version 17
VisualStudioVersion = 17.10.35122.118
MinimumVisualStudioVersion = 10.0.40219.1
Project("{FAE04EC0-301F-11D3-BF4B-00C04F79EFBC}") = "ThemeTester", "ThemeTester\ThemeTester.csproj", "{5911B947-B6C1-424C-87F5-6E8ACA5F9AA1}"
EndProject
Global
	GlobalSection(SolutionConfigurationPlatforms) = preSolution
		Debug|Any CPU = Debug|Any CPU
		Release|Any CPU = Release|Any CPU
	EndGlobalSection
	GlobalSection(ProjectConfigurationPlatforms) = postSolution
		{5911B947-B6C1-424C-87F5-6E8ACA5F9AA1}.Debug|Any CPU.ActiveCfg = Debug|Any CPU
		{5911B947-B6C1-424C-87F5-6E8ACA5F9AA1}.Debug|Any CPU.Build.0 = Debug|Any CPU
		{5911B947-B6C1-424C-87F5-6E8ACA5F9AA1}.Release|Any CPU.ActiveCfg = Release|Any CPU
		{5911B947-B6C1-424C-87F5-6E8ACA5F9AA1}.Release|Any CPU.Build.0 = Release|Any CPU
	EndGlobalSection
	GlobalSection(SolutionProperties) = preSolution
		HideSolutionNode = FALSE
	EndGlobalSection
	GlobalSection(ExtensibilityGlobals) = postSolution
		SolutionGuid = {EFBCC27C-403E-44EE-8ADF-ECB7381FF6A5}
	EndGlobalSection
EndGlobal
